Microsoft Visual Studio Solution File, Format Version 12.00
# Visual Studio Version 17
VisualStudioVersion = 17.5.2.0
MinimumVisualStudioVersion = 10.0.40219.1
Project("{FAE04EC0-301F-11D3-BF4B-00C04F79EFBC}") = "dotnet_notely", "dotnet_notely.csproj", "{3F53F7DA-6C67-D80A-98B3-82B67A09CCF8}"
EndProject
Global
	GlobalSection(SolutionConfigurationPlatforms) = preSolution
		Debug|Any CPU = Debug|Any CPU
		Release|Any CPU = Release|Any CPU
	EndGlobalSection
	GlobalSection(ProjectConfigurationPlatforms) = postSolution
		{3F53F7DA-6C67-D80A-98B3-82B67A09CCF8}.Debug|Any CPU.ActiveCfg = Debug|Any CPU
		{3F53F7DA-6C67-D80A-98B3-82B67A09CCF8}.Debug|Any CPU.Build.0 = Debug|Any CPU
		{3F53F7DA-6C67-D80A-98B3-82B67A09CCF8}.Release|Any CPU.ActiveCfg = Release|Any CPU
		{3F53F7DA-6C67-D80A-98B3-82B67A09CCF8}.Release|Any CPU.Build.0 = Release|Any CPU
	EndGlobalSection
	GlobalSection(SolutionProperties) = preSolution
		HideSolutionNode = FALSE
	EndGlobalSection
	GlobalSection(ExtensibilityGlobals) = postSolution
		SolutionGuid = {4FCE3D33-EC4D-4D92-A3FE-BE7706F194C6}
	EndGlobalSection
EndGlobal
